
Microsoft Visual Studio Solution File, Format Version 12.00
# Visual Studio Version 16
VisualStudioVersion = 16.0.29709.97
MinimumVisualStudioVersion = 10.0.40219.1
Project("{FAE04EC0-301F-11D3-BF4B-00C04F79EFBC}") = "virusscan", "virusscan\virusscan.csproj", "{5FD7147A-D9BD-4488-909F-A39CDCB87D7A}"
EndProject
Global
	GlobalSection(SolutionConfigurationPlatforms) = preSolution
		Debug|Any CPU = Debug|Any CPU
		Release|Any CPU = Release|Any CPU
	EndGlobalSection
	GlobalSection(ProjectConfigurationPlatforms) = postSolution
		{5FD7147A-D9BD-4488-909F-A39CDCB87D7A}.Debug|Any CPU.ActiveCfg = Debug|Any CPU
		{5FD7147A-D9BD-4488-909F-A39CDCB87D7A}.Debug|Any CPU.Build.0 = Debug|Any CPU
		{5FD7147A-D9BD-4488-909F-A39CDCB87D7A}.Release|Any CPU.ActiveCfg = Release|Any CPU
		{5FD7147A-D9BD-4488-909F-A39CDCB87D7A}.Release|Any CPU.Build.0 = Release|Any CPU
	EndGlobalSection
	GlobalSection(SolutionProperties) = preSolution
		HideSolutionNode = FALSE
	EndGlobalSection
	GlobalSection(ExtensibilityGlobals) = postSolution
		SolutionGuid = {EEAECCDB-4182-42D6-9D69-AFA0C139363A}
	EndGlobalSection
EndGlobal
